dependencies:
  idf:
    component_hash: null
    source:
      type: idf
    version: 5.2.1
  protocol_examples_common:
    component_hash: null
    source:
      path: C:\Users\Lenovo\esp\v5.2.1\esp-idf\examples\common_components\protocol_examples_common
      type: local
    version: '*'
manifest_hash: 1f2768915510ee6f6006ab15c064f1b65c791963303c99dabc8608d55b68d206
target: esp32
version: 1.0.0
